
Microsoft Visual Studio Solution File, Format Version 12.00
# Visual Studio Version 17
VisualStudioVersion = 17.11.35312.102
MinimumVisualStudioVersion = 15.0.26124.0
Project("{9A19103F-16F7-4668-BE54-9A1E7A4F7556}") = "Guppi.Console", "Guppi.Console\Guppi.Console.csproj", "{D6F1B003-9CED-41B4-843A-39B0364A33AC}"
EndProject
Project("{2150E333-8FDC-42A3-9474-1A3956D46DE8}") = "Solution Items", "Solution Items", "{5B62F8AC-C1C7-43BA-97E0-EE08F5108926}"
	ProjectSection(SolutionItems) = preProject
		.editorconfig = .editorconfig
		.gitattributes = .gitattributes
		.gitignore = .gitignore
		CODE_OF_CONDUCT.md = CODE_OF_CONDUCT.md
		LICENSE = LICENSE
		README.md = README.md
	EndProjectSection
EndProject
Project("{9A19103F-16F7-4668-BE54-9A1E7A4F7556}") = "Guppi.Tests", "Guppi.Tests\Guppi.Tests.csproj", "{AF90312A-5A42-4B2E-B513-6DCE9BB869BE}"
EndProject
Project("{2150E333-8FDC-42A3-9474-1A3956D46DE8}") = ".github", ".github", "{7B1C4A11-86DC-4D68-8BF3-F0E54A202603}"
EndProject
Project("{2150E333-8FDC-42A3-9474-1A3956D46DE8}") = "workflows", "workflows", "{E2148457-6DD5-42A3-89F9-ECBDCB37211A}"
	ProjectSection(SolutionItems) = preProject
		.github\workflows\continuous_integration.yml = .github\workflows\continuous_integration.yml
	EndProjectSection
EndProject
Project("{9A19103F-16F7-4668-BE54-9A1E7A4F7556}") = "todo.infrastructure", "dotnet-todo\src\todo.infrastructure\todo.infrastructure.csproj", "{9877E299-A30B-4D43-BF39-BC25531900E4}"
EndProject
Project("{9A19103F-16F7-4668-BE54-9A1E7A4F7556}") = "todo.application", "dotnet-todo\src\todo.application\todo.application.csproj", "{DFA78AF6-E861-484B-AC06-8A6F14D1ED28}"
EndProject
Project("{9A19103F-16F7-4668-BE54-9A1E7A4F7556}") = "todo.domain", "dotnet-todo\src\todo.domain\todo.domain.csproj", "{7CE715B0-D04E-466F-A80E-5137FDA94DE4}"
EndProject
Project("{2150E333-8FDC-42A3-9474-1A3956D46DE8}") = "dotnet-todo", "dotnet-todo", "{907A9A53-E207-4775-AB6B-5E4696B18819}"
EndProject
Project("{9A19103F-16F7-4668-BE54-9A1E7A4F7556}") = "Guppi.Core", "Guppi.Core\Guppi.Core.csproj", "{E4AB2BFA-86E8-4283-834C-400AEDEDE3E5}"
EndProject
Global
	GlobalSection(SolutionConfigurationPlatforms) = preSolution
		Debug|Any CPU = Debug|Any CPU
		Debug|x64 = Debug|x64
		Debug|x86 = Debug|x86
		Release|Any CPU = Release|Any CPU
		Release|x64 = Release|x64
		Release|x86 = Release|x86
	EndGlobalSection
	GlobalSection(ProjectConfigurationPlatforms) = postSolution
		{D6F1B003-9CED-41B4-843A-39B0364A33AC}.Debug|Any CPU.ActiveCfg = Debug|Any CPU
		{D6F1B003-9CED-41B4-843A-39B0364A33AC}.Debug|Any CPU.Build.0 = Debug|Any CPU
		{D6F1B003-9CED-41B4-843A-39B0364A33AC}.Debug|x64.ActiveCfg = Debug|Any CPU
		{D6F1B003-9CED-41B4-843A-39B0364A33AC}.Debug|x64.Build.0 = Debug|Any CPU
		{D6F1B003-9CED-41B4-843A-39B0364A33AC}.Debug|x86.ActiveCfg = Debug|Any CPU
		{D6F1B003-9CED-41B4-843A-39B0364A33AC}.Debug|x86.Build.0 = Debug|Any CPU
		{D6F1B003-9CED-41B4-843A-39B0364A33AC}.Release|Any CPU.ActiveCfg = Release|Any CPU
		{D6F1B003-9CED-41B4-843A-39B0364A33AC}.Release|Any CPU.Build.0 = Release|Any CPU
		{D6F1B003-9CED-41B4-843A-39B0364A33AC}.Release|x64.ActiveCfg = Release|Any CPU
		{D6F1B003-9CED-41B4-843A-39B0364A33AC}.Release|x64.Build.0 = Release|Any CPU
		{D6F1B003-9CED-41B4-843A-39B0364A33AC}.Release|x86.ActiveCfg = Release|Any CPU
		{D6F1B003-9CED-41B4-843A-39B0364A33AC}.Release|x86.Build.0 = Release|Any CPU
		{AF90312A-5A42-4B2E-B513-6DCE9BB869BE}.Debug|Any CPU.ActiveCfg = Debug|Any CPU
		{AF90312A-5A42-4B2E-B513-6DCE9BB869BE}.Debug|Any CPU.Build.0 = Debug|Any CPU
		{AF90312A-5A42-4B2E-B513-6DCE9BB869BE}.Debug|x64.ActiveCfg = Debug|Any CPU
		{AF90312A-5A42-4B2E-B513-6DCE9BB869BE}.Debug|x64.Build.0 = Debug|Any CPU
		{AF90312A-5A42-4B2E-B513-6DCE9BB869BE}.Debug|x86.ActiveCfg = Debug|Any CPU
		{AF90312A-5A42-4B2E-B513-6DCE9BB869BE}.Debug|x86.Build.0 = Debug|Any CPU
		{AF90312A-5A42-4B2E-B513-6DCE9BB869BE}.Release|Any CPU.ActiveCfg = Release|Any CPU
		{AF90312A-5A42-4B2E-B513-6DCE9BB869BE}.Release|Any CPU.Build.0 = Release|Any CPU
		{AF90312A-5A42-4B2E-B513-6DCE9BB869BE}.Release|x64.ActiveCfg = Release|Any CPU
		{AF90312A-5A42-4B2E-B513-6DCE9BB869BE}.Release|x64.Build.0 = Release|Any CPU
		{AF90312A-5A42-4B2E-B513-6DCE9BB869BE}.Release|x86.ActiveCfg = Release|Any CPU
		{AF90312A-5A42-4B2E-B513-6DCE9BB869BE}.Release|x86.Build.0 = Release|Any CPU
		{9877E299-A30B-4D43-BF39-BC25531900E4}.Debug|Any CPU.ActiveCfg = Debug|Any CPU
		{9877E299-A30B-4D43-BF39-BC25531900E4}.Debug|Any CPU.Build.0 = Debug|Any CPU
		{9877E299-A30B-4D43-BF39-BC25531900E4}.Debug|x64.ActiveCfg = Debug|Any CPU
		{9877E299-A30B-4D43-BF39-BC25531900E4}.Debug|x64.Build.0 = Debug|Any CPU
		{9877E299-A30B-4D43-BF39-BC25531900E4}.Debug|x86.ActiveCfg = Debug|Any CPU
		{9877E299-A30B-4D43-BF39-BC25531900E4}.Debug|x86.Build.0 = Debug|Any CPU
		{9877E299-A30B-4D43-BF39-BC25531900E4}.Release|Any CPU.ActiveCfg = Release|Any CPU
		{9877E299-A30B-4D43-BF39-BC25531900E4}.Release|Any CPU.Build.0 = Release|Any CPU
		{9877E299-A30B-4D43-BF39-BC25531900E4}.Release|x64.ActiveCfg = Release|Any CPU
		{9877E299-A30B-4D43-BF39-BC25531900E4}.Release|x64.Build.0 = Release|Any CPU
		{9877E299-A30B-4D43-BF39-BC25531900E4}.Release|x86.ActiveCfg = Release|Any CPU
		{9877E299-A30B-4D43-BF39-BC25531900E4}.Release|x86.Build.0 = Release|Any CPU
		{DFA78AF6-E861-484B-AC06-8A6F14D1ED28}.Debug|Any CPU.ActiveCfg = Debug|Any CPU
		{DFA78AF6-E861-484B-AC06-8A6F14D1ED28}.Debug|Any CPU.Build.0 = Debug|Any CPU
		{DFA78AF6-E861-484B-AC06-8A6F14D1ED28}.Debug|x64.ActiveCfg = Debug|Any CPU
		{DFA78AF6-E861-484B-AC06-8A6F14D1ED28}.Debug|x64.Build.0 = Debug|Any CPU
		{DFA78AF6-E861-484B-AC06-8A6F14D1ED28}.Debug|x86.ActiveCfg = Debug|Any CPU
		{DFA78AF6-E861-484B-AC06-8A6F14D1ED28}.Debug|x86.Build.0 = Debug|Any CPU
		{DFA78AF6-E861-484B-AC06-8A6F14D1ED28}.Release|Any CPU.ActiveCfg = Release|Any CPU
		{DFA78AF6-E861-484B-AC06-8A6F14D1ED28}.Release|Any CPU.Build.0 = Release|Any CPU
		{DFA78AF6-E861-484B-AC06-8A6F14D1ED28}.Release|x64.ActiveCfg = Release|Any CPU
		{DFA78AF6-E861-484B-AC06-8A6F14D1ED28}.Release|x64.Build.0 = Release|Any CPU
		{DFA78AF6-E861-484B-AC06-8A6F14D1ED28}.Release|x86.ActiveCfg = Release|Any CPU
		{DFA78AF6-E861-484B-AC06-8A6F14D1ED28}.Release|x86.Build.0 = Release|Any CPU
		{7CE715B0-D04E-466F-A80E-5137FDA94DE4}.Debug|Any CPU.ActiveCfg = Debug|Any CPU
		{7CE715B0-D04E-466F-A80E-5137FDA94DE4}.Debug|Any CPU.Build.0 = Debug|Any CPU
		{7CE715B0-D04E-466F-A80E-5137FDA94DE4}.Debug|x64.ActiveCfg = Debug|Any CPU
		{7CE715B0-D04E-466F-A80E-5137FDA94DE4}.Debug|x64.Build.0 = Debug|Any CPU
		{7CE715B0-D04E-466F-A80E-5137FDA94DE4}.Debug|x86.ActiveCfg = Debug|Any CPU
		{7CE715B0-D04E-466F-A80E-5137FDA94DE4}.Debug|x86.Build.0 = Debug|Any CPU
		{7CE715B0-D04E-466F-A80E-5137FDA94DE4}.Release|Any CPU.ActiveCfg = Release|Any CPU
		{7CE715B0-D04E-466F-A80E-5137FDA94DE4}.Release|Any CPU.Build.0 = Release|Any CPU
		{7CE715B0-D04E-466F-A80E-5137FDA94DE4}.Release|x64.ActiveCfg = Release|Any CPU
		{7CE715B0-D04E-466F-A80E-5137FDA94DE4}.Release|x64.Build.0 = Release|Any CPU
		{7CE715B0-D04E-466F-A80E-5137FDA94DE4}.Release|x86.ActiveCfg = Release|Any CPU
		{7CE715B0-D04E-466F-A80E-5137FDA94DE4}.Release|x86.Build.0 = Release|Any CPU
		{E4AB2BFA-86E8-4283-834C-400AEDEDE3E5}.Debug|Any CPU.ActiveCfg = Debug|Any CPU
		{E4AB2BFA-86E8-4283-834C-400AEDEDE3E5}.Debug|Any CPU.Build.0 = Debug|Any CPU
		{E4AB2BFA-86E8-4283-834C-400AEDEDE3E5}.Debug|x64.ActiveCfg = Debug|Any CPU
		{E4AB2BFA-86E8-4283-834C-400AEDEDE3E5}.Debug|x64.Build.0 = Debug|Any CPU
		{E4AB2BFA-86E8-4283-834C-400AEDEDE3E5}.Debug|x86.ActiveCfg = Debug|Any CPU
		{E4AB2BFA-86E8-4283-834C-400AEDEDE3E5}.Debug|x86.Build.0 = Debug|Any CPU
		{E4AB2BFA-86E8-4283-834C-400AEDEDE3E5}.Release|Any CPU.ActiveCfg = Release|Any CPU
		{E4AB2BFA-86E8-4283-834C-400AEDEDE3E5}.Release|Any CPU.Build.0 = Release|Any CPU
		{E4AB2BFA-86E8-4283-834C-400AEDEDE3E5}.Release|x64.ActiveCfg = Release|Any CPU
		{E4AB2BFA-86E8-4283-834C-400AEDEDE3E5}.Release|x64.Build.0 = Release|Any CPU
		{E4AB2BFA-86E8-4283-834C-400AEDEDE3E5}.Release|x86.ActiveCfg = Release|Any CPU
		{E4AB2BFA-86E8-4283-834C-400AEDEDE3E5}.Release|x86.Build.0 = Release|Any CPU
	EndGlobalSection
	GlobalSection(SolutionProperties) = preSolution
		HideSolutionNode = FALSE
	EndGlobalSection
	GlobalSection(NestedProjects) = preSolution
		{E2148457-6DD5-42A3-89F9-ECBDCB37211A} = {7B1C4A11-86DC-4D68-8BF3-F0E54A202603}
		{9877E299-A30B-4D43-BF39-BC25531900E4} = {907A9A53-E207-4775-AB6B-5E4696B18819}
		{DFA78AF6-E861-484B-AC06-8A6F14D1ED28} = {907A9A53-E207-4775-AB6B-5E4696B18819}
		{7CE715B0-D04E-466F-A80E-5137FDA94DE4} = {907A9A53-E207-4775-AB6B-5E4696B18819}
	EndGlobalSection
	GlobalSection(ExtensibilityGlobals) = postSolution
		SolutionGuid = {3594B806-A913-431A-AA3D-1E58D7578451}
	EndGlobalSection
EndGlobal
